
Microsoft Visual Studio Solution File, Format Version 12.00
# Visual Studio Version 17
VisualStudioVersion = 17.0.32014.148
MinimumVisualStudioVersion = 10.0.40219.1
Project("{FAE04EC0-301F-11D3-BF4B-00C04F79EFBC}") = "StudentAndTeacherTest", "Assignment7\StudentAndTeacherTest.csproj", "{C14878A9-C526-4519-BBCB-6F7D8F54B118}"
EndProject
Global
	GlobalSection(SolutionConfigurationPlatforms) = preSolution
		Debug|Any CPU = Debug|Any CPU
		Release|Any CPU = Release|Any CPU
	EndGlobalSection
	GlobalSection(ProjectConfigurationPlatforms) = postSolution
		{C14878A9-C526-4519-BBCB-6F7D8F54B118}.Debug|Any CPU.ActiveCfg = Debug|Any CPU
		{C14878A9-C526-4519-BBCB-6F7D8F54B118}.Debug|Any CPU.Build.0 = Debug|Any CPU
		{C14878A9-C526-4519-BBCB-6F7D8F54B118}.Release|Any CPU.ActiveCfg = Release|Any CPU
		{C14878A9-C526-4519-BBCB-6F7D8F54B118}.Release|Any CPU.Build.0 = Release|Any CPU
	EndGlobalSection
	GlobalSection(SolutionProperties) = preSolution
		HideSolutionNode = FALSE
	EndGlobalSection
	GlobalSection(ExtensibilityGlobals) = postSolution
		SolutionGuid = {4CA18589-7FBA-48E8-8417-8FBCF4A78FBE}
	EndGlobalSection
EndGlobal
