
Microsoft Visual Studio Solution File, Format Version 12.00
# Visual Studio Version 17
VisualStudioVersion = 17.0.32014.148
MinimumVisualStudioVersion = 10.0.40219.1
Project("{FAE04EC0-301F-11D3-BF4B-00C04F79EFBC}") = "Assignment6", "Assignment6\Assignment6.csproj", "{CA9B8DEE-E40A-4FA3-A4BF-89733A2008FE}"
EndProject
Global
	GlobalSection(SolutionConfigurationPlatforms) = preSolution
		Debug|Any CPU = Debug|Any CPU
		Release|Any CPU = Release|Any CPU
	EndGlobalSection
	GlobalSection(ProjectConfigurationPlatforms) = postSolution
		{CA9B8DEE-E40A-4FA3-A4BF-89733A2008FE}.Debug|Any CPU.ActiveCfg = Debug|Any CPU
		{CA9B8DEE-E40A-4FA3-A4BF-89733A2008FE}.Debug|Any CPU.Build.0 = Debug|Any CPU
		{CA9B8DEE-E40A-4FA3-A4BF-89733A2008FE}.Release|Any CPU.ActiveCfg = Release|Any CPU
		{CA9B8DEE-E40A-4FA3-A4BF-89733A2008FE}.Release|Any CPU.Build.0 = Release|Any CPU
	EndGlobalSection
	GlobalSection(SolutionProperties) = preSolution
		HideSolutionNode = FALSE
	EndGlobalSection
	GlobalSection(ExtensibilityGlobals) = postSolution
		SolutionGuid = {A5758BC2-47B3-4589-AE68-DC63E672F290}
	EndGlobalSection
EndGlobal
